{
  "nodes": {
    "nixpkgs": {
      "locked": {
        "lastModified": 1780881982,
        "narHash": "sha256-tgwIkHGF0t+YsjKxqdPl4sMBksyuzJ7bRxjelATezMM=",
        "owner": "NixOS",
        "repo": "nixpkgs",
        "rev": "a4bb1c91fb42d2a32e09bac530ebc145308497ec",
        "type": "github"
      },
      "original": {
        "owner": "NixOS",
        "repo": "nixpkgs",
        "type": "github"
      }
    },
    "root": {
      "inputs": {
        "nixpkgs": "nixpkgs"
      }
    }
  },
  "root": "root",
  "version": 7
}
