{
  "nodes": {
    "nixpkgs": {
      "locked": {
        "lastModified": 1781487543,
        "narHash": "sha256-efniaYGqBOAhNrbAR+/1/jSwT4RRW9QNynm2/LdNUcY=",
        "owner": "NixOS",
        "repo": "nixpkgs",
        "rev": "593ffa8f4a01cb9522c73fca9c77f97a532f9c78",
        "type": "github"
      },
      "original": {
        "owner": "NixOS",
        "repo": "nixpkgs",
        "type": "github"
      }
    },
    "root": {
      "inputs": {
        "nixpkgs": "nixpkgs"
      }
    }
  },
  "root": "root",
  "version": 7
}
