{
  "nodes": {
    "nixpkgs": {
      "locked": {
        "lastModified": 1783301605,
        "narHash": "sha256-hSwFn3/e70Z32AozXOadpmCub4ITFrqChPJJJ/qOAVY=",
        "owner": "NixOS",
        "repo": "nixpkgs",
        "rev": "95e7ef5ed77baf8e2939ff3770b9eb02632389fe",
        "type": "github"
      },
      "original": {
        "owner": "NixOS",
        "repo": "nixpkgs",
        "type": "github"
      }
    },
    "root": {
      "inputs": {
        "nixpkgs": "nixpkgs"
      }
    }
  },
  "root": "root",
  "version": 7
}
